PODS:
  - boost (1.76.0)
  - DoubleConversion (1.1.6)
  - FBLazyVector (0.72.1)
  - FBReactNativeSpec (0.72.1):
    - RCT-Folly (= 2021.07.22.00)
    - RCTRequired (= 0.72.1)
    - RCTTypeSafety (= 0.72.1)
    - React-Core (= 0.72.1)
    - React-jsi (= 0.72.1)
    - ReactCommon/turbomodule/core (= 0.72.1)
  - fmt (6.2.1)
  - glog (0.3.5)
  - RCT-Folly (2021.07.22.00):
    - boost
    - DoubleConversion
    - fmt (~> 6.2.1)
    - glog
    - RCT-Folly/Default (= 2021.07.22.00)
  - RCT-Folly/Default (2021.07.22.00):
    - boost
    - DoubleConversion
    - fmt (~> 6.2.1)
    - glog
  - RCTRequired (0.72.1)
  - RCTTypeSafety (0.72.1):
    - FBLazyVector (= 0.72.1)
    - RCTRequired (= 0.72.1)
    - React-Core (= 0.72.1)
  - React (0.72.1):
    - React-Core (= 0.72.1)
    - React-Core/DevSupport (= 0.72.1)
    - React-Core/RCTWebSocket (= 0.72.1)
    - React-RCTActionSheet (= 0.72.1)
    - React-RCTAnimation (= 0.72.1)
    - React-RCTBlob (= 0.72.1)
    - React-RCTImage (= 0.72.1)
    - React-RCTLinking (= 0.72.1)
    - React-RCTNetwork (= 0.72.1)
    - React-RCTSettings (= 0.72.1)
    - React-RCTText (= 0.72.1)
    - React-RCTVibration (= 0.72.1)
  - React-callinvoker (0.72.1)
  - React-Codegen (0.72.1):
    - DoubleConversion
    - FBReactNativeSpec
    - glog
    - RCT-Folly
    - RCTRequired
    - RCTTypeSafety
    - React-Core
    - React-jsc
    - React-jsi
    - React-jsiexecutor
    - React-NativeModulesApple
    - React-rncore
    - ReactCommon/turbomodule/bridging
    - ReactCommon/turbomodule/core
  - React-Core (0.72.1):
    - glog
    - RCT-Folly (= 2021.07.22.00)
    - React-Core/Default (= 0.72.1)
    - React-cxxreact
    - React-jsc
    - React-jsi
    - React-jsiexecutor
    - React-perflogger
    - React-runtimeexecutor
    - React-utils
    - SocketRocket (= 0.6.1)
    - Yoga
  - React-Core/CoreModulesHeaders (0.72.1):
    - glog
    - RCT-Folly (= 2021.07.22.00)
    - React-Core/Default
    - React-cxxreact
    - React-jsc
    - React-jsi
    - React-jsiexecutor
    - React-perflogger
    - React-runtimeexecutor
    - React-utils
    - SocketRocket (= 0.6.1)
    - Yoga
  - React-Core/Default (0.72.1):
    - glog
    - RCT-Folly (= 2021.07.22.00)
    - React-cxxreact
    - React-jsc
    - React-jsi
    - React-jsiexecutor
    - React-perflogger
    - React-runtimeexecutor
    - React-utils
    - SocketRocket (= 0.6.1)
    - Yoga
  - React-Core/DevSupport (0.72.1):
    - glog
    - RCT-Folly (= 2021.07.22.00)
    - React-Core/Default (= 0.72.1)
    - React-Core/RCTWebSocket (= 0.72.1)
    - React-cxxreact
    - React-jsc
    - React-jsi
    - React-jsiexecutor
    - React-jsinspector (= 0.72.1)
    - React-perflogger
    - React-runtimeexecutor
    - React-utils
    - SocketRocket (= 0.6.1)
    - Yoga
  - React-Core/RCTActionSheetHeaders (0.72.1):
    - glog
    - RCT-Folly (= 2021.07.22.00)
    - React-Core/Default
    - React-cxxreact
    - React-jsc
    - React-jsi
    - React-jsiexecutor
    - React-perflogger
    - React-runtimeexecutor
    - React-utils
    - SocketRocket (= 0.6.1)
    - Yoga
  - React-Core/RCTAnimationHeaders (0.72.1):
    - glog
    - RCT-Folly (= 2021.07.22.00)
    - React-Core/Default
    - React-cxxreact
    - React-jsc
    - React-jsi
    - React-jsiexecutor
    - React-perflogger
    - React-runtimeexecutor
    - React-utils
    - SocketRocket (= 0.6.1)
    - Yoga
  - React-Core/RCTBlobHeaders (0.72.1):
    - glog
    - RCT-Folly (= 2021.07.22.00)
    - React-Core/Default
    - React-cxxreact
    - React-jsc
    - React-jsi
    - React-jsiexecutor
    - React-perflogger
    - React-runtimeexecutor
    - React-utils
    - SocketRocket (= 0.6.1)
    - Yoga
  - React-Core/RCTImageHeaders (0.72.1):
    - glog
    - RCT-Folly (= 2021.07.22.00)
    - React-Core/Default
    - React-cxxreact
    - React-jsc
    - React-jsi
    - React-jsiexecutor
    - React-perflogger
    - React-runtimeexecutor
    - React-utils
    - SocketRocket (= 0.6.1)
    - Yoga
  - React-Core/RCTLinkingHeaders (0.72.1):
    - glog
    - RCT-Folly (= 2021.07.22.00)
    - React-Core/Default
    - React-cxxreact
    - React-jsc
    - React-jsi
    - React-jsiexecutor
    - React-perflogger
    - React-runtimeexecutor
    - React-utils
    - SocketRocket (= 0.6.1)
    - Yoga
  - React-Core/RCTNetworkHeaders (0.72.1):
    - glog
    - RCT-Folly (= 2021.07.22.00)
    - React-Core/Default
    - React-cxxreact
    - React-jsc
    - React-jsi
    - React-jsiexecutor
    - React-perflogger
    - React-runtimeexecutor
    - React-utils
    - SocketRocket (= 0.6.1)
    - Yoga
  - React-Core/RCTSettingsHeaders (0.72.1):
    - glog
    - RCT-Folly (= 2021.07.22.00)
    - React-Core/Default
    - React-cxxreact
    - React-jsc
    - React-jsi
    - React-jsiexecutor
    - React-perflogger
    - React-runtimeexecutor
    - React-utils
    - SocketRocket (= 0.6.1)
    - Yoga
  - React-Core/RCTTextHeaders (0.72.1):
    - glog
    - RCT-Folly (= 2021.07.22.00)
    - React-Core/Default
    - React-cxxreact
    - React-jsc
    - React-jsi
    - React-jsiexecutor
    - React-perflogger
    - React-runtimeexecutor
    - React-utils
    - SocketRocket (= 0.6.1)
    - Yoga
  - React-Core/RCTVibrationHeaders (0.72.1):
    - glog
    - RCT-Folly (= 2021.07.22.00)
    - React-Core/Default
    - React-cxxreact
    - React-jsc
    - React-jsi
    - React-jsiexecutor
    - React-perflogger
    - React-runtimeexecutor
    - React-utils
    - SocketRocket (= 0.6.1)
    - Yoga
  - React-Core/RCTWebSocket (0.72.1):
    - glog
    - RCT-Folly (= 2021.07.22.00)
    - React-Core/Default (= 0.72.1)
    - React-cxxreact
    - React-jsc
    - React-jsi
    - React-jsiexecutor
    - React-perflogger
    - React-runtimeexecutor
    - React-utils
    - SocketRocket (= 0.6.1)
    - Yoga
  - React-CoreModules (0.72.1):
    - RCT-Folly (= 2021.07.22.00)
    - RCTTypeSafety (= 0.72.1)
    - React-Codegen (= 0.72.1)
    - React-Core/CoreModulesHeaders (= 0.72.1)
    - React-jsi (= 0.72.1)
    - React-RCTBlob
    - React-RCTImage (= 0.72.1)
    - ReactCommon/turbomodule/core (= 0.72.1)
    - SocketRocket (= 0.6.1)
  - React-cxxreact (0.72.1):
    - boost (= 1.76.0)
    - DoubleConversion
    - glog
    - RCT-Folly (= 2021.07.22.00)
    - React-callinvoker (= 0.72.1)
    - React-jsi (= 0.72.1)
    - React-jsinspector (= 0.72.1)
    - React-logger (= 0.72.1)
    - React-perflogger (= 0.72.1)
    - React-runtimeexecutor (= 0.72.1)
  - React-debug (0.72.1)
  - React-jsc (0.72.1):
    - React-jsc/Fabric (= 0.72.1)
    - React-jsi (= 0.72.1)
  - React-jsc/Fabric (0.72.1):
    - React-jsi (= 0.72.1)
  - React-jsi (0.72.1):
    - boost (= 1.76.0)
    - DoubleConversion
    - glog
    - RCT-Folly (= 2021.07.22.00)
  - React-jsiexecutor (0.72.1):
    - DoubleConversion
    - glog
    - RCT-Folly (= 2021.07.22.00)
    - React-cxxreact (= 0.72.1)
    - React-jsi (= 0.72.1)
    - React-perflogger (= 0.72.1)
  - React-jsinspector (0.72.1)
  - React-logger (0.72.1):
    - glog
  - react-native-get-random-values (1.9.0):
    - React-Core
  - React-NativeModulesApple (0.72.1):
    - React-callinvoker
    - React-Core
    - React-cxxreact
    - React-jsi
    - React-runtimeexecutor
    - ReactCommon/turbomodule/bridging
    - ReactCommon/turbomodule/core
  - React-perflogger (0.72.1)
  - React-RCTActionSheet (0.72.1):
    - React-Core/RCTActionSheetHeaders (= 0.72.1)
  - React-RCTAnimation (0.72.1):
    - RCT-Folly (= 2021.07.22.00)
    - RCTTypeSafety (= 0.72.1)
    - React-Codegen (= 0.72.1)
    - React-Core/RCTAnimationHeaders (= 0.72.1)
    - React-jsi (= 0.72.1)
    - ReactCommon/turbomodule/core (= 0.72.1)
  - React-RCTAppDelegate (0.72.1):
    - RCT-Folly
    - RCTRequired
    - RCTTypeSafety
    - React-Core
    - React-CoreModules
    - React-jsc
    - React-NativeModulesApple
    - React-RCTImage
    - React-RCTNetwork
    - React-runtimescheduler
    - ReactCommon/turbomodule/core
  - React-RCTBlob (0.72.1):
    - RCT-Folly (= 2021.07.22.00)
    - React-Codegen (= 0.72.1)
    - React-Core/RCTBlobHeaders (= 0.72.1)
    - React-Core/RCTWebSocket (= 0.72.1)
    - React-jsi (= 0.72.1)
    - React-RCTNetwork (= 0.72.1)
    - ReactCommon/turbomodule/core (= 0.72.1)
  - React-RCTImage (0.72.1):
    - RCT-Folly (= 2021.07.22.00)
    - RCTTypeSafety (= 0.72.1)
    - React-Codegen (= 0.72.1)
    - React-Core/RCTImageHeaders (= 0.72.1)
    - React-jsi (= 0.72.1)
    - React-RCTNetwork (= 0.72.1)
    - ReactCommon/turbomodule/core (= 0.72.1)
  - React-RCTLinking (0.72.1):
    - React-Codegen (= 0.72.1)
    - React-Core/RCTLinkingHeaders (= 0.72.1)
    - React-jsi (= 0.72.1)
    - ReactCommon/turbomodule/core (= 0.72.1)
  - React-RCTNetwork (0.72.1):
    - RCT-Folly (= 2021.07.22.00)
    - RCTTypeSafety (= 0.72.1)
    - React-Codegen (= 0.72.1)
    - React-Core/RCTNetworkHeaders (= 0.72.1)
    - React-jsi (= 0.72.1)
    - ReactCommon/turbomodule/core (= 0.72.1)
  - React-RCTSettings (0.72.1):
    - RCT-Folly (= 2021.07.22.00)
    - RCTTypeSafety (= 0.72.1)
    - React-Codegen (= 0.72.1)
    - React-Core/RCTSettingsHeaders (= 0.72.1)
    - React-jsi (= 0.72.1)
    - ReactCommon/turbomodule/core (= 0.72.1)
  - React-RCTText (0.72.1):
    - React-Core/RCTTextHeaders (= 0.72.1)
  - React-RCTVibration (0.72.1):
    - RCT-Folly (= 2021.07.22.00)
    - React-Codegen (= 0.72.1)
    - React-Core/RCTVibrationHeaders (= 0.72.1)
    - React-jsi (= 0.72.1)
    - ReactCommon/turbomodule/core (= 0.72.1)
  - React-rncore (0.72.1)
  - React-runtimeexecutor (0.72.1):
    - React-jsi (= 0.72.1)
  - React-runtimescheduler (0.72.1):
    - glog
    - RCT-Folly (= 2021.07.22.00)
    - React-callinvoker
    - React-debug
    - React-jsi
    - React-runtimeexecutor
  - React-utils (0.72.1):
    - glog
    - RCT-Folly (= 2021.07.22.00)
    - React-debug
  - ReactCommon/turbomodule/bridging (0.72.1):
    - DoubleConversion
    - glog
    - RCT-Folly (= 2021.07.22.00)
    - React-callinvoker (= 0.72.1)
    - React-cxxreact (= 0.72.1)
    - React-jsi (= 0.72.1)
    - React-logger (= 0.72.1)
    - React-perflogger (= 0.72.1)
  - ReactCommon/turbomodule/core (0.72.1):
    - DoubleConversion
    - glog
    - RCT-Folly (= 2021.07.22.00)
    - React-callinvoker (= 0.72.1)
    - React-cxxreact (= 0.72.1)
    - React-jsi (= 0.72.1)
    - React-logger (= 0.72.1)
    - React-perflogger (= 0.72.1)
  - RNReanimated (3.3.0):
    - DoubleConversion
    - FBLazyVector
    - glog
    - RCT-Folly
    - RCTRequired
    - RCTTypeSafety
    - React-callinvoker
    - React-Core
    - React-Core/DevSupport
    - React-Core/RCTWebSocket
    - React-CoreModules
    - React-cxxreact
    - React-jsi
    - React-jsiexecutor
    - React-jsinspector
    - React-RCTActionSheet
    - React-RCTAnimation
    - React-RCTAppDelegate
    - React-RCTBlob
    - React-RCTImage
    - React-RCTLinking
    - React-RCTNetwork
    - React-RCTSettings
    - React-RCTText
    - ReactCommon/turbomodule/core
    - Yoga
  - SocketRocket (0.6.1)
  - Yoga (1.14.0)

DEPENDENCIES:
  - boost (from `../node_modules/react-native/third-party-podspecs/boost.podspec`)
  - DoubleConversion (from `../node_modules/react-native/third-party-podspecs/DoubleConversion.podspec`)
  - FBLazyVector (from `../node_modules/react-native/Libraries/FBLazyVector`)
  - FBReactNativeSpec (from `../node_modules/react-native/React/FBReactNativeSpec`)
  - glog (from `../node_modules/react-native/third-party-podspecs/glog.podspec`)
  - RCT-Folly (from `../node_modules/react-native/third-party-podspecs/RCT-Folly.podspec`)
  - RCTRequired (from `../node_modules/react-native/Libraries/RCTRequired`)
  - RCTTypeSafety (from `../node_modules/react-native/Libraries/TypeSafety`)
  - React (from `../node_modules/react-native/`)
  - React-callinvoker (from `../node_modules/react-native/ReactCommon/callinvoker`)
  - React-Codegen (from `build/generated/ios`)
  - React-Core (from `../node_modules/react-native/`)
  - React-Core/RCTWebSocket (from `../node_modules/react-native/`)
  - React-CoreModules (from `../node_modules/react-native/React/CoreModules`)
  - React-cxxreact (from `../node_modules/react-native/ReactCommon/cxxreact`)
  - React-debug (from `../node_modules/react-native/ReactCommon/react/debug`)
  - React-jsc (from `../node_modules/react-native/ReactCommon/jsc`)
  - React-jsi (from `../node_modules/react-native/ReactCommon/jsi`)
  - React-jsiexecutor (from `../node_modules/react-native/ReactCommon/jsiexecutor`)
  - React-jsinspector (from `../node_modules/react-native/ReactCommon/jsinspector`)
  - React-logger (from `../node_modules/react-native/ReactCommon/logger`)
  - react-native-get-random-values (from `../node_modules/react-native-get-random-values`)
  - React-NativeModulesApple (from `../node_modules/react-native/ReactCommon/react/nativemodule/core/platform/ios`)
  - React-perflogger (from `../node_modules/react-native/ReactCommon/reactperflogger`)
  - React-RCTActionSheet (from `../node_modules/react-native/Libraries/ActionSheetIOS`)
  - React-RCTAnimation (from `../node_modules/react-native/Libraries/NativeAnimation`)
  - React-RCTAppDelegate (from `../node_modules/react-native/Libraries/AppDelegate`)
  - React-RCTBlob (from `../node_modules/react-native/Libraries/Blob`)
  - React-RCTImage (from `../node_modules/react-native/Libraries/Image`)
  - React-RCTLinking (from `../node_modules/react-native/Libraries/LinkingIOS`)
  - React-RCTNetwork (from `../node_modules/react-native/Libraries/Network`)
  - React-RCTSettings (from `../node_modules/react-native/Libraries/Settings`)
  - React-RCTText (from `../node_modules/react-native/Libraries/Text`)
  - React-RCTVibration (from `../node_modules/react-native/Libraries/Vibration`)
  - React-rncore (from `../node_modules/react-native/ReactCommon`)
  - React-runtimeexecutor (from `../node_modules/react-native/ReactCommon/runtimeexecutor`)
  - React-runtimescheduler (from `../node_modules/react-native/ReactCommon/react/renderer/runtimescheduler`)
  - React-utils (from `../node_modules/react-native/ReactCommon/react/utils`)
  - ReactCommon/turbomodule/core (from `../node_modules/react-native/ReactCommon`)
  - RNReanimated (from `../node_modules/react-native-reanimated`)
  - Yoga (from `../node_modules/react-native/ReactCommon/yoga`)

SPEC REPOS:
  trunk:
    - fmt
    - SocketRocket

EXTERNAL SOURCES:
  boost:
    :podspec: "../node_modules/react-native/third-party-podspecs/boost.podspec"
  DoubleConversion:
    :podspec: "../node_modules/react-native/third-party-podspecs/DoubleConversion.podspec"
  FBLazyVector:
    :path: "../node_modules/react-native/Libraries/FBLazyVector"
  FBReactNativeSpec:
    :path: "../node_modules/react-native/React/FBReactNativeSpec"
  glog:
    :podspec: "../node_modules/react-native/third-party-podspecs/glog.podspec"
  RCT-Folly:
    :podspec: "../node_modules/react-native/third-party-podspecs/RCT-Folly.podspec"
  RCTRequired:
    :path: "../node_modules/react-native/Libraries/RCTRequired"
  RCTTypeSafety:
    :path: "../node_modules/react-native/Libraries/TypeSafety"
  React:
    :path: "../node_modules/react-native/"
  React-callinvoker:
    :path: "../node_modules/react-native/ReactCommon/callinvoker"
  React-Codegen:
    :path: build/generated/ios
  React-Core:
    :path: "../node_modules/react-native/"
  React-CoreModules:
    :path: "../node_modules/react-native/React/CoreModules"
  React-cxxreact:
    :path: "../node_modules/react-native/ReactCommon/cxxreact"
  React-debug:
    :path: "../node_modules/react-native/ReactCommon/react/debug"
  React-jsc:
    :path: "../node_modules/react-native/ReactCommon/jsc"
  React-jsi:
    :path: "../node_modules/react-native/ReactCommon/jsi"
  React-jsiexecutor:
    :path: "../node_modules/react-native/ReactCommon/jsiexecutor"
  React-jsinspector:
    :path: "../node_modules/react-native/ReactCommon/jsinspector"
  React-logger:
    :path: "../node_modules/react-native/ReactCommon/logger"
  react-native-get-random-values:
    :path: "../node_modules/react-native-get-random-values"
  React-NativeModulesApple:
    :path: "../node_modules/react-native/ReactCommon/react/nativemodule/core/platform/ios"
  React-perflogger:
    :path: "../node_modules/react-native/ReactCommon/reactperflogger"
  React-RCTActionSheet:
    :path: "../node_modules/react-native/Libraries/ActionSheetIOS"
  React-RCTAnimation:
    :path: "../node_modules/react-native/Libraries/NativeAnimation"
  React-RCTAppDelegate:
    :path: "../node_modules/react-native/Libraries/AppDelegate"
  React-RCTBlob:
    :path: "../node_modules/react-native/Libraries/Blob"
  React-RCTImage:
    :path: "../node_modules/react-native/Libraries/Image"
  React-RCTLinking:
    :path: "../node_modules/react-native/Libraries/LinkingIOS"
  React-RCTNetwork:
    :path: "../node_modules/react-native/Libraries/Network"
  React-RCTSettings:
    :path: "../node_modules/react-native/Libraries/Settings"
  React-RCTText:
    :path: "../node_modules/react-native/Libraries/Text"
  React-RCTVibration:
    :path: "../node_modules/react-native/Libraries/Vibration"
  React-rncore:
    :path: "../node_modules/react-native/ReactCommon"
  React-runtimeexecutor:
    :path: "../node_modules/react-native/ReactCommon/runtimeexecutor"
  React-runtimescheduler:
    :path: "../node_modules/react-native/ReactCommon/react/renderer/runtimescheduler"
  React-utils:
    :path: "../node_modules/react-native/ReactCommon/react/utils"
  ReactCommon:
    :path: "../node_modules/react-native/ReactCommon"
  RNReanimated:
    :path: "../node_modules/react-native-reanimated"
  Yoga:
    :path: "../node_modules/react-native/ReactCommon/yoga"

SPEC CHECKSUMS:
  boost: 57d2868c099736d80fcd648bf211b4431e51a558
  DoubleConversion: 5189b271737e1565bdce30deb4a08d647e3f5f54
  FBLazyVector: 55cd4593d570bd9e5e227488d637ce6a9581ce51
  FBReactNativeSpec: 799b0e1a1561699cd0e424e24fe5624da38402f0
  fmt: ff9d55029c625d3757ed641535fd4a75fedc7ce9
  glog: 04b94705f318337d7ead9e6d17c019bd9b1f6b1b
  RCT-Folly: 424b8c9a7a0b9ab2886ffe9c3b041ef628fd4fb1
  RCTRequired: c52ee8fb2b35c1b54031dd8e92d88ad4dba8f2ce
  RCTTypeSafety: 75fa444becadf0ebfa0a456b8c64560c7c89c7df
  React: 3e5b3962f27b7334eaf5517a35b3434503df35ad
  React-callinvoker: c3a225610efe0caadac78da53b6fe78e53eb2b03
  React-Codegen: 5284c73a9915a7ce641a679423eb52cc799a2c0c
  React-Core: ea8efd7340e01f11d033782a90786f9e1532e598
  React-CoreModules: ab635016811b610a93e873485f6f900ce0582192
  React-cxxreact: 367c31ce845fc91f1d9ff60726c012e36ebde657
  React-debug: 8aa2bd54b0f0011049300ce3339b0e51254ef3b5
  React-jsc: 9a0d9ce5353c5542ddc1e10c4988e8b2f2fd4d0a
  React-jsi: 085949ea16818b34c929649b941d3adbadb2cd63
  React-jsiexecutor: d870d2b6fe0a060e2dcf675e9d801552ead06c84
  React-jsinspector: d0b5bfd1085599265f4212034321e829bdf83cc0
  React-logger: b8103c9b04e707b50cdd2b1aeb382483900cbb37
  react-native-get-random-values: dee677497c6a740b71e5612e8dbd83e7539ed5bb
  React-NativeModulesApple: a95134487a26bbfd83326f8d7af335739cb17421
  React-perflogger: 3d501f34c8d4b10cb75f348e43591765788525ad
  React-RCTActionSheet: f5335572c979198c0c3daff67b07bd1ad8370c1d
  React-RCTAnimation: 5d0d31a4f9c49a70f93f32e4da098fb49b5ae0b3
  React-RCTAppDelegate: 3fe7e89add0f83db65c86b5df0471f1d759bf9fa
  React-RCTBlob: 0bd301dfd41045f833945996cfa6fafa112445a8
  React-RCTImage: e15d22db53406401cdd1407ce51080a66a9c7ed4
  React-RCTLinking: 39815800ec79d6fb15e6329244d195ebeabf7541
  React-RCTNetwork: 2a6548e13d2577b112d4250ac5be74ae62e1e86b
  React-RCTSettings: a76aee44d5398144646be146c334b15c90ad9582
  React-RCTText: afad390f3838f210c2bc9e1a19bb048003b2a771
  React-RCTVibration: 29bbaa5c57c02dc036d7e557584b492000b1d3e7
  React-rncore: 50966ce412d63bee9ffe5c98249857c23870a3c4
  React-runtimeexecutor: d129f2b53d61298093d7c7d8ebfafa664f911ce6
  React-runtimescheduler: 84546e214feb91c1b51081e59b87d7df4973f2d8
  React-utils: 0a70ea97d4e2749f336b450c082905be1d389435
  ReactCommon: 4cbf891957cb9fdb7193f85f8dded6c62e6d112e
  RNReanimated: 3ffa3d63576ecd26a4f8772d03029cccaf41b5d7
  SocketRocket: f32cd54efbe0f095c4d7594881e52619cfe80b17
  Yoga: 65286bb6a07edce5e4fe8c90774da977ae8fc009

PODFILE CHECKSUM: ccd36ec4a4bee079079df91b2a3df397a1effb8e

COCOAPODS: 1.12.0
